// !$*UTF8*$!
{
	archiveVersion = 1;
	classes = {
	};
	objectVersion = 50;
	objects = {

/* Begin PBXBuildFile section */
		82B5E67224458BE6006513CF /* AppDelegate.swift in Sources */ = {isa = PBXBuildFile; fileRef = 82B5E67124458BE6006513CF /* AppDelegate.swift */; };
		82B5E67424458BE6006513CF /* SceneDelegate.swift in Sources */ = {isa = PBXBuildFile; fileRef = 82B5E67324458BE6006513CF /* SceneDelegate.swift */; };
		82B5E67624458BE6006513CF /* ViewController.swift in Sources */ = {isa = PBXBuildFile; fileRef = 82B5E67524458BE6006513CF /* ViewController.swift */; };
		82B5E67924458BE6006513CF /* Main.storyboard in Resources */ = {isa = PBXBuildFile; fileRef = 82B5E67724458BE6006513CF /* Main.storyboard */; };
		82B5E67B24458BE7006513CF /* Assets.xcassets in Resources */ = {isa = PBXBuildFile; fileRef = 82B5E67A24458BE7006513CF /* Assets.xcassets */; };
		82B5E67E24458BE7006513CF /* LaunchScreen.storyboard in Resources */ = {isa = PBXBuildFile; fileRef = 82B5E67C24458BE7006513CF /* LaunchScreen.storyboard */; };
		82B5E68924458BE7006513CF /* AlgorithmsAndDataStructuresTests.swift in Sources */ = {isa = PBXBuildFile; fileRef = 82B5E68824458BE7006513CF /* AlgorithmsAndDataStructuresTests.swift */; };
		82B5E69724458C6C006513CF /* Stack.swift in Sources */ = {isa = PBXBuildFile; fileRef = 82B5E69624458C6C006513CF /* Stack.swift */; };
		82B5E69924459351006513CF /* Queue.swift in Sources */ = {isa = PBXBuildFile; fileRef = 82B5E69824459351006513CF /* Queue.swift */; };
		82B5E69D2445C619006513CF /* LinkedList.swift in Sources */ = {isa = PBXBuildFile; fileRef = 82B5E69C2445C619006513CF /* LinkedList.swift */; };
		82B5E6AE244C47DD006513CF /* BinaryTree.swift in Sources */ = {isa = PBXBuildFile; fileRef = 82B5E6AD244C47DD006513CF /* BinaryTree.swift */; };
		82B5E6B0244C5546006513CF /* StackTests.swift in Sources */ = {isa = PBXBuildFile; fileRef = 82B5E6AF244C5546006513CF /* StackTests.swift */; };
		82B5E6B2244C555E006513CF /* QueueTests.swift in Sources */ = {isa = PBXBuildFile; fileRef = 82B5E6B1244C555E006513CF /* QueueTests.swift */; };
		82B5E6B4244C556D006513CF /* LinkedListsTests.swift in Sources */ = {isa = PBXBuildFile; fileRef = 82B5E6B3244C556D006513CF /* LinkedListsTests.swift */; };
		82B5E6B6244C5584006513CF /* BinaryTreeTests.swift in Sources */ = {isa = PBXBuildFile; fileRef = 82B5E6B5244C5584006513CF /* BinaryTreeTests.swift */; };
/* End PBXBuildFile section */

/* Begin PBXContainerItemProxy section */
		82B5E68524458BE7006513CF /* PBXContainerItemProxy */ = {
			isa = PBXContainerItemProxy;
			containerPortal = 82B5E66624458BE6006513CF /* Project object */;
			proxyType = 1;
			remoteGlobalIDString = 82B5E66D24458BE6006513CF;
			remoteInfo = AlgorithmsAndDataStructures;
		};
/* End PBXContainerItemProxy section */

/* Begin PBXFileReference section */
		82B5E66E24458BE6006513CF /* AlgorithmsAndDataStructures.app */ = {isa = PBXFileReference; explicitFileType = wrapper.application; includeInIndex = 0; path = AlgorithmsAndDataStructures.app; sourceTree = BUILT_PRODUCTS_DIR; };
		82B5E67124458BE6006513CF /* AppDelegate.swift */ = {isa = PBXFileReference; lastKnownFileType = sourcecode.swift; path = AppDelegate.swift; sourceTree = "<group>"; };
		82B5E67324458BE6006513CF /* SceneDelegate.swift */ = {isa = PBXFileReference; lastKnownFileType = sourcecode.swift; path = SceneDelegate.swift; sourceTree = "<group>"; };
		82B5E67524458BE6006513CF /* ViewController.swift */ = {isa = PBXFileReference; lastKnownFileType = sourcecode.swift; path = ViewController.swift; sourceTree = "<group>"; };
		82B5E67824458BE6006513CF /* Base */ = {isa = PBXFileReference; lastKnownFileType = file.storyboard; name = Base; path = Base.lproj/Main.storyboard; sourceTree = "<group>"; };
		82B5E67A24458BE7006513CF /* Assets.xcassets */ = {isa = PBXFileReference; lastKnownFileType = folder.assetcatalog; path = Assets.xcassets; sourceTree = "<group>"; };
		82B5E67D24458BE7006513CF /* Base */ = {isa = PBXFileReference; lastKnownFileType = file.storyboard; name = Base; path = Base.lproj/LaunchScreen.storyboard; sourceTree = "<group>"; };
		82B5E67F24458BE7006513CF /* Info.plist */ = {isa = PBXFileReference; lastKnownFileType = text.plist.xml; path = Info.plist; sourceTree = "<group>"; };
		82B5E68424458BE7006513CF /* AlgorithmsAndDataStructuresTests.xctest */ = {isa = PBXFileReference; explicitFileType = wrapper.cfbundle; includeInIndex = 0; path = AlgorithmsAndDataStructuresTests.xctest; sourceTree = BUILT_PRODUCTS_DIR; };
		82B5E68824458BE7006513CF /* AlgorithmsAndDataStructuresTests.swift */ = {isa = PBXFileReference; lastKnownFileType = sourcecode.swift; path = AlgorithmsAndDataStructuresTests.swift; sourceTree = "<group>"; };
		82B5E68A24458BE7006513CF /* Info.plist */ = {isa = PBXFileReference; lastKnownFileType = text.plist.xml; path = Info.plist; sourceTree = "<group>"; };
		82B5E69624458C6C006513CF /* Stack.swift */ = {isa = PBXFileReference; lastKnownFileType = sourcecode.swift; path = Stack.swift; sourceTree = "<group>"; };
		82B5E69824459351006513CF /* Queue.swift */ = {isa = PBXFileReference; lastKnownFileType = sourcecode.swift; path = Queue.swift; sourceTree = "<group>"; };
		82B5E69C2445C619006513CF /* LinkedList.swift */ = {isa = PBXFileReference; lastKnownFileType = sourcecode.swift; path = LinkedList.swift; sourceTree = "<group>"; };
		82B5E6AD244C47DD006513CF /* BinaryTree.swift */ = {isa = PBXFileReference; lastKnownFileType = sourcecode.swift; path = BinaryTree.swift; sourceTree = "<group>"; };
		82B5E6AF244C5546006513CF /* StackTests.swift */ = {isa = PBXFileReference; lastKnownFileType = sourcecode.swift; path = StackTests.swift; sourceTree = "<group>"; };
		82B5E6B1244C555E006513CF /* QueueTests.swift */ = {isa = PBXFileReference; lastKnownFileType = sourcecode.swift; path = QueueTests.swift; sourceTree = "<group>"; };
		82B5E6B3244C556D006513CF /* LinkedListsTests.swift */ = {isa = PBXFileReference; lastKnownFileType = sourcecode.swift; path = LinkedListsTests.swift; sourceTree = "<group>"; };
		82B5E6B5244C5584006513CF /* BinaryTreeTests.swift */ = {isa = PBXFileReference; lastKnownFileType = sourcecode.swift; path = BinaryTreeTests.swift; sourceTree = "<group>"; };
/* End PBXFileReference section */

/* Begin PBXFrameworksBuildPhase section */
		82B5E66B24458BE6006513CF /* Frameworks */ = {
			isa = PBXFrameworksBuildPhase;
			buildActionMask = 2147483647;
			files = (
			);
			runOnlyForDeploymentPostprocessing = 0;
		};
		82B5E68124458BE7006513CF /* Frameworks */ = {
			isa = PBXFrameworksBuildPhase;
			buildActionMask = 2147483647;
			files = (
			);
			runOnlyForDeploymentPostprocessing = 0;
		};
/* End PBXFrameworksBuildPhase section */

/* Begin PBXGroup section */
		82B5E66524458BE6006513CF = {
			isa = PBXGroup;
			children = (
				82B5E67024458BE6006513CF /* AlgorithmsAndDataStructures */,
				82B5E68724458BE7006513CF /* AlgorithmsAndDataStructuresTests */,
				82B5E66F24458BE6006513CF /* Products */,
			);
			sourceTree = "<group>";
		};
		82B5E66F24458BE6006513CF /* Products */ = {
			isa = PBXGroup;
			children = (
				82B5E66E24458BE6006513CF /* AlgorithmsAndDataStructures.app */,
				82B5E68424458BE7006513CF /* AlgorithmsAndDataStructuresTests.xctest */,
			);
			name = Products;
			sourceTree = "<group>";
		};
		82B5E67024458BE6006513CF /* AlgorithmsAndDataStructures */ = {
			isa = PBXGroup;
			children = (
				82B5E69524458C5B006513CF /* Core */,
				82B5E67124458BE6006513CF /* AppDelegate.swift */,
				82B5E67324458BE6006513CF /* SceneDelegate.swift */,
				82B5E67524458BE6006513CF /* ViewController.swift */,
				82B5E67724458BE6006513CF /* Main.storyboard */,
				82B5E67A24458BE7006513CF /* Assets.xcassets */,
				82B5E67C24458BE7006513CF /* LaunchScreen.storyboard */,
				82B5E67F24458BE7006513CF /* Info.plist */,
			);
			path = AlgorithmsAndDataStructures;
			sourceTree = "<group>";
		};
		82B5E68724458BE7006513CF /* AlgorithmsAndDataStructuresTests */ = {
			isa = PBXGroup;
			children = (
				82B5E68A24458BE7006513CF /* Info.plist */,
				82B5E68824458BE7006513CF /* AlgorithmsAndDataStructuresTests.swift */,
				82B5E6AF244C5546006513CF /* StackTests.swift */,
				82B5E6B1244C555E006513CF /* QueueTests.swift */,
				82B5E6B3244C556D006513CF /* LinkedListsTests.swift */,
				82B5E6B5244C5584006513CF /* BinaryTreeTests.swift */,
			);
			path = AlgorithmsAndDataStructuresTests;
			sourceTree = "<group>";
		};
		82B5E69524458C5B006513CF /* Core */ = {
			isa = PBXGroup;
			children = (
				82B5E69624458C6C006513CF /* Stack.swift */,
				82B5E69824459351006513CF /* Queue.swift */,
				82B5E69C2445C619006513CF /* LinkedList.swift */,
				82B5E6AD244C47DD006513CF /* BinaryTree.swift */,
			);
			path = Core;
			sourceTree = "<group>";
		};
/* End PBXGroup section */

/* Begin PBXNativeTarget section */
		82B5E66D24458BE6006513CF /* AlgorithmsAndDataStructures */ = {
			isa = PBXNativeTarget;
			buildConfigurationList = 82B5E68D24458BE7006513CF /* Build configuration list for PBXNativeTarget "AlgorithmsAndDataStructures" */;
			buildPhases = (
				82B5E66A24458BE6006513CF /* Sources */,
				82B5E66B24458BE6006513CF /* Frameworks */,
				82B5E66C24458BE6006513CF /* Resources */,
			);
			buildRules = (
			);
			dependencies = (
			);
			name = AlgorithmsAndDataStructures;
			productName = AlgorithmsAndDataStructures;
			productReference = 82B5E66E24458BE6006513CF /* AlgorithmsAndDataStructures.app */;
			productType = "com.apple.product-type.application";
		};
		82B5E68324458BE7006513CF /* AlgorithmsAndDataStructuresTests */ = {
			isa = PBXNativeTarget;
			buildConfigurationList = 82B5E69024458BE7006513CF /* Build configuration list for PBXNativeTarget "AlgorithmsAndDataStructuresTests" */;
			buildPhases = (
				82B5E68024458BE7006513CF /* Sources */,
				82B5E68124458BE7006513CF /* Frameworks */,
				82B5E68224458BE7006513CF /* Resources */,
			);
			buildRules = (
			);
			dependencies = (
				82B5E68624458BE7006513CF /* PBXTargetDependency */,
			);
			name = AlgorithmsAndDataStructuresTests;
			productName = AlgorithmsAndDataStructuresTests;
			productReference = 82B5E68424458BE7006513CF /* AlgorithmsAndDataStructuresTests.xctest */;
			productType = "com.apple.product-type.bundle.unit-test";
		};
/* End PBXNativeTarget section */

/* Begin PBXProject section */
		82B5E66624458BE6006513CF /* Project object */ = {
			isa = PBXProject;
			attributes = {
				LastSwiftUpdateCheck = 1130;
				LastUpgradeCheck = 1130;
				ORGANIZATIONNAME = ksmirnov;
				TargetAttributes = {
					82B5E66D24458BE6006513CF = {
						CreatedOnToolsVersion = 11.3;
					};
					82B5E68324458BE7006513CF = {
						CreatedOnToolsVersion = 11.3;
						TestTargetID = 82B5E66D24458BE6006513CF;
					};
				};
			};
			buildConfigurationList = 82B5E66924458BE6006513CF /* Build configuration list for PBXProject "AlgorithmsAndDataStructures" */;
			compatibilityVersion = "Xcode 9.3";
			developmentRegion = en;
			hasScannedForEncodings = 0;
			knownRegions = (
				en,
				Base,
			);
			mainGroup = 82B5E66524458BE6006513CF;
			productRefGroup = 82B5E66F24458BE6006513CF /* Products */;
			projectDirPath = "";
			projectRoot = "";
			targets = (
				82B5E66D24458BE6006513CF /* AlgorithmsAndDataStructures */,
				82B5E68324458BE7006513CF /* AlgorithmsAndDataStructuresTests */,
			);
		};
/* End PBXProject section */

/* Begin PBXResourcesBuildPhase section */
		82B5E66C24458BE6006513CF /* Resources */ = {
			isa = PBXResourcesBuildPhase;
			buildActionMask = 2147483647;
			files = (
				82B5E67E24458BE7006513CF /* LaunchScreen.storyboard in Resources */,
				82B5E67B24458BE7006513CF /* Assets.xcassets in Resources */,
				82B5E67924458BE6006513CF /* Main.storyboard in Resources */,
			);
			runOnlyForDeploymentPostprocessing = 0;
		};
		82B5E68224458BE7006513CF /* Resources */ = {
			isa = PBXResourcesBuildPhase;
			buildActionMask = 2147483647;
			files = (
			);
			runOnlyForDeploymentPostprocessing = 0;
		};
/* End PBXResourcesBuildPhase section */

/* Begin PBXSourcesBuildPhase section */
		82B5E66A24458BE6006513CF /* Sources */ = {
			isa = PBXSourcesBuildPhase;
			buildActionMask = 2147483647;
			files = (
				82B5E69D2445C619006513CF /* LinkedList.swift in Sources */,
				82B5E6AE244C47DD006513CF /* BinaryTree.swift in Sources */,
				82B5E69924459351006513CF /* Queue.swift in Sources */,
				82B5E69724458C6C006513CF /* Stack.swift in Sources */,
				82B5E67624458BE6006513CF /* ViewController.swift in Sources */,
				82B5E67224458BE6006513CF /* AppDelegate.swift in Sources */,
				82B5E67424458BE6006513CF /* SceneDelegate.swift in Sources */,
			);
			runOnlyForDeploymentPostprocessing = 0;
		};
		82B5E68024458BE7006513CF /* Sources */ = {
			isa = PBXSourcesBuildPhase;
			buildActionMask = 2147483647;
			files = (
				82B5E6B0244C5546006513CF /* StackTests.swift in Sources */,
				82B5E6B6244C5584006513CF /* BinaryTreeTests.swift in Sources */,
				82B5E6B2244C555E006513CF /* QueueTests.swift in Sources */,
				82B5E6B4244C556D006513CF /* LinkedListsTests.swift in Sources */,
				82B5E68924458BE7006513CF /* AlgorithmsAndDataStructuresTests.swift in Sources */,
			);
			runOnlyForDeploymentPostprocessing = 0;
		};
/* End PBXSourcesBuildPhase section */

/* Begin PBXTargetDependency section */
		82B5E68624458BE7006513CF /* PBXTargetDependency */ = {
			isa = PBXTargetDependency;
			target = 82B5E66D24458BE6006513CF /* AlgorithmsAndDataStructures */;
			targetProxy = 82B5E68524458BE7006513CF /* PBXContainerItemProxy */;
		};
/* End PBXTargetDependency section */

/* Begin PBXVariantGroup section */
		82B5E67724458BE6006513CF /* Main.storyboard */ = {
			isa = PBXVariantGroup;
			children = (
				82B5E67824458BE6006513CF /* Base */,
			);
			name = Main.storyboard;
			sourceTree = "<group>";
		};
		82B5E67C24458BE7006513CF /* LaunchScreen.storyboard */ = {
			isa = PBXVariantGroup;
			children = (
				82B5E67D24458BE7006513CF /* Base */,
			);
			name = LaunchScreen.storyboard;
			sourceTree = "<group>";
		};
/* End PBXVariantGroup section */

/* Begin XCBuildConfiguration section */
		82B5E68B24458BE7006513CF /* Debug */ = {
			isa = XCBuildConfiguration;
			buildSettings = {
				ALWAYS_SEARCH_USER_PATHS = NO;
				CLANG_ANALYZER_NONNULL = YES;
				CLANG_ANALYZER_NUMBER_OBJECT_CONVERSION = YES_AGGRESSIVE;
				CLANG_CXX_LANGUAGE_STANDARD = "gnu++14";
				CLANG_CXX_LIBRARY = "libc++";
				CLANG_ENABLE_MODULES = YES;
				CLANG_ENABLE_OBJC_ARC = YES;
				CLANG_ENABLE_OBJC_WEAK = YES;
				CLANG_WARN_BLOCK_CAPTURE_AUTORELEASING = YES;
				CLANG_WARN_BOOL_CONVERSION = YES;
				CLANG_WARN_COMMA = YES;
				CLANG_WARN_CONSTANT_CONVERSION = YES;
				CLANG_WARN_DEPRECATED_OBJC_IMPLEMENTATIONS = YES;
				CLANG_WARN_DIRECT_OBJC_ISA_USAGE = YES_ERROR;
				CLANG_WARN_DOCUMENTATION_COMMENTS = YES;
				CLANG_WARN_EMPTY_BODY = YES;
				CLANG_WARN_ENUM_CONVERSION = YES;
				CLANG_WARN_INFINITE_RECURSION = YES;
				CLANG_WARN_INT_CONVERSION = YES;
				CLANG_WARN_NON_LITERAL_NULL_CONVERSION = YES;
				CLANG_WARN_OBJC_IMPLICIT_RETAIN_SELF = YES;
				CLANG_WARN_OBJC_LITERAL_CONVERSION = YES;
				CLANG_WARN_OBJC_ROOT_CLASS = YES_ERROR;
				CLANG_WARN_RANGE_LOOP_ANALYSIS = YES;
				CLANG_WARN_STRICT_PROTOTYPES = YES;
				CLANG_WARN_SUSPICIOUS_MOVE = YES;
				CLANG_WARN_UNGUARDED_AVAILABILITY = YES_AGGRESSIVE;
				CLANG_WARN_UNREACHABLE_CODE = YES;
				CLANG_WARN__DUPLICATE_METHOD_MATCH = YES;
				COPY_PHASE_STRIP = NO;
				DEBUG_INFORMATION_FORMAT = dwarf;
				ENABLE_STRICT_OBJC_MSGSEND = YES;
				ENABLE_TESTABILITY = YES;
				GCC_C_LANGUAGE_STANDARD = gnu11;
				GCC_DYNAMIC_NO_PIC = NO;
				GCC_NO_COMMON_BLOCKS = YES;
				GCC_OPTIMIZATION_LEVEL = 0;
				GCC_PREPROCESSOR_DEFINITIONS = (
					"DEBUG=1",
					"$(inherited)",
				);
				GCC_WARN_64_TO_32_BIT_CONVERSION = YES;
				GCC_WARN_ABOUT_RETURN_TYPE = YES_ERROR;
				GCC_WARN_UNDECLARED_SELECTOR = YES;
				GCC_WARN_UNINITIALIZED_AUTOS = YES_AGGRESSIVE;
				GCC_WARN_UNUSED_FUNCTION = YES;
				GCC_WARN_UNUSED_VARIABLE = YES;
				IPHONEOS_DEPLOYMENT_TARGET = 13.2;
				MTL_ENABLE_DEBUG_INFO = INCLUDE_SOURCE;
				MTL_FAST_MATH = YES;
				ONLY_ACTIVE_ARCH = YES;
				SDKROOT = iphoneos;
				SWIFT_ACTIVE_COMPILATION_CONDITIONS = DEBUG;
				SWIFT_OPTIMIZATION_LEVEL = "-Onone";
			};
			name = Debug;
		};
		82B5E68C24458BE7006513CF /* Release */ = {
			isa = XCBuildConfiguration;
			buildSettings = {
				ALWAYS_SEARCH_USER_PATHS = NO;
				CLANG_ANALYZER_NONNULL = YES;
				CLANG_ANALYZER_NUMBER_OBJECT_CONVERSION = YES_AGGRESSIVE;
				CLANG_CXX_LANGUAGE_STANDARD = "gnu++14";
				CLANG_CXX_LIBRARY = "libc++";
				CLANG_ENABLE_MODULES = YES;
				CLANG_ENABLE_OBJC_ARC = YES;
				CLANG_ENABLE_OBJC_WEAK = YES;
				CLANG_WARN_BLOCK_CAPTURE_AUTORELEASING = YES;
				CLANG_WARN_BOOL_CONVERSION = YES;
				CLANG_WARN_COMMA = YES;
				CLANG_WARN_CONSTANT_CONVERSION = YES;
				CLANG_WARN_DEPRECATED_OBJC_IMPLEMENTATIONS = YES;
				CLANG_WARN_DIRECT_OBJC_ISA_USAGE = YES_ERROR;
				CLANG_WARN_DOCUMENTATION_COMMENTS = YES;
				CLANG_WARN_EMPTY_BODY = YES;
				CLANG_WARN_ENUM_CONVERSION = YES;
				CLANG_WARN_INFINITE_RECURSION = YES;
				CLANG_WARN_INT_CONVERSION = YES;
				CLANG_WARN_NON_LITERAL_NULL_CONVERSION = YES;
				CLANG_WARN_OBJC_IMPLICIT_RETAIN_SELF = YES;
				CLANG_WARN_OBJC_LITERAL_CONVERSION = YES;
				CLANG_WARN_OBJC_ROOT_CLASS = YES_ERROR;
				CLANG_WARN_RANGE_LOOP_ANALYSIS = YES;
				CLANG_WARN_STRICT_PROTOTYPES = YES;
				CLANG_WARN_SUSPICIOUS_MOVE = YES;
				CLANG_WARN_UNGUARDED_AVAILABILITY = YES_AGGRESSIVE;
				CLANG_WARN_UNREACHABLE_CODE = YES;
				CLANG_WARN__DUPLICATE_METHOD_MATCH = YES;
				COPY_PHASE_STRIP = NO;
				DEBUG_INFORMATION_FORMAT = "dwarf-with-dsym";
				ENABLE_NS_ASSERTIONS = NO;
				ENABLE_STRICT_OBJC_MSGSEND = YES;
				GCC_C_LANGUAGE_STANDARD = gnu11;
				GCC_NO_COMMON_BLOCKS = YES;
				GCC_WARN_64_TO_32_BIT_CONVERSION = YES;
				GCC_WARN_ABOUT_RETURN_TYPE = YES_ERROR;
				GCC_WARN_UNDECLARED_SELECTOR = YES;
				GCC_WARN_UNINITIALIZED_AUTOS = YES_AGGRESSIVE;
				GCC_WARN_UNUSED_FUNCTION = YES;
				GCC_WARN_UNUSED_VARIABLE = YES;
				IPHONEOS_DEPLOYMENT_TARGET = 13.2;
				MTL_ENABLE_DEBUG_INFO = NO;
				MTL_FAST_MATH = YES;
				SDKROOT = iphoneos;
				SWIFT_COMPILATION_MODE = wholemodule;
				SWIFT_OPTIMIZATION_LEVEL = "-O";
				VALIDATE_PRODUCT = YES;
			};
			name = Release;
		};
		82B5E68E24458BE7006513CF /* Debug */ = {
			isa = XCBuildConfiguration;
			buildSettings = {
				ASSETCATALOG_COMPILER_APPICON_NAME = AppIcon;
				CODE_SIGN_STYLE = Automatic;
				DEVELOPMENT_TEAM = N84453U39N;
				INFOPLIST_FILE = AlgorithmsAndDataStructures/Info.plist;
				LD_RUNPATH_SEARCH_PATHS = (
					"$(inherited)",
					"@executable_path/Frameworks",
				);
				PRODUCT_BUNDLE_IDENTIFIER = com.ksmirnov.AlgorithmsAndDataStructures;
				PRODUCT_NAME = "$(TARGET_NAME)";
				SWIFT_VERSION = 5.0;
				TARGETED_DEVICE_FAMILY = "1,2";
			};
			name = Debug;
		};
		82B5E68F24458BE7006513CF /* Release */ = {
			isa = XCBuildConfiguration;
			buildSettings = {
				ASSETCATALOG_COMPILER_APPICON_NAME = AppIcon;
				CODE_SIGN_STYLE = Automatic;
				DEVELOPMENT_TEAM = N84453U39N;
				INFOPLIST_FILE = AlgorithmsAndDataStructures/Info.plist;
				LD_RUNPATH_SEARCH_PATHS = (
					"$(inherited)",
					"@executable_path/Frameworks",
				);
				PRODUCT_BUNDLE_IDENTIFIER = com.ksmirnov.AlgorithmsAndDataStructures;
				PRODUCT_NAME = "$(TARGET_NAME)";
				SWIFT_VERSION = 5.0;
				TARGETED_DEVICE_FAMILY = "1,2";
			};
			name = Release;
		};
		82B5E69124458BE7006513CF /* Debug */ = {
			isa = XCBuildConfiguration;
			buildSettings = {
				ALWAYS_EMBED_SWIFT_STANDARD_LIBRARIES = YES;
				BUNDLE_LOADER = "$(TEST_HOST)";
				CODE_SIGN_STYLE = Automatic;
				DEVELOPMENT_TEAM = N84453U39N;
				INFOPLIST_FILE = AlgorithmsAndDataStructuresTests/Info.plist;
				IPHONEOS_DEPLOYMENT_TARGET = 13.2;
				LD_RUNPATH_SEARCH_PATHS = (
					"$(inherited)",
					"@executable_path/Frameworks",
					"@loader_path/Frameworks",
				);
				PRODUCT_BUNDLE_IDENTIFIER = com.ksmirnov.AlgorithmsAndDataStructuresTests;
				PRODUCT_NAME = "$(TARGET_NAME)";
				SWIFT_VERSION = 5.0;
				TARGETED_DEVICE_FAMILY = "1,2";
				TEST_HOST = "$(BUILT_PRODUCTS_DIR)/AlgorithmsAndDataStructures.app/AlgorithmsAndDataStructures";
			};
			name = Debug;
		};
		82B5E69224458BE7006513CF /* Release */ = {
			isa = XCBuildConfiguration;
			buildSettings = {
				ALWAYS_EMBED_SWIFT_STANDARD_LIBRARIES = YES;
				BUNDLE_LOADER = "$(TEST_HOST)";
				CODE_SIGN_STYLE = Automatic;
				DEVELOPMENT_TEAM = N84453U39N;
				INFOPLIST_FILE = AlgorithmsAndDataStructuresTests/Info.plist;
				IPHONEOS_DEPLOYMENT_TARGET = 13.2;
				LD_RUNPATH_SEARCH_PATHS = (
					"$(inherited)",
					"@executable_path/Frameworks",
					"@loader_path/Frameworks",
				);
				PRODUCT_BUNDLE_IDENTIFIER = com.ksmirnov.AlgorithmsAndDataStructuresTests;
				PRODUCT_NAME = "$(TARGET_NAME)";
				SWIFT_VERSION = 5.0;
				TARGETED_DEVICE_FAMILY = "1,2";
				TEST_HOST = "$(BUILT_PRODUCTS_DIR)/AlgorithmsAndDataStructures.app/AlgorithmsAndDataStructures";
			};
			name = Release;
		};
/* End XCBuildConfiguration section */

/* Begin XCConfigurationList section */
		82B5E66924458BE6006513CF /* Build configuration list for PBXProject "AlgorithmsAndDataStructures" */ = {
			isa = XCConfigurationList;
			buildConfigurations = (
				82B5E68B24458BE7006513CF /* Debug */,
				82B5E68C24458BE7006513CF /* Release */,
			);
			defaultConfigurationIsVisible = 0;
			defaultConfigurationName = Release;
		};
		82B5E68D24458BE7006513CF /* Build configuration list for PBXNativeTarget "AlgorithmsAndDataStructures" */ = {
			isa = XCConfigurationList;
			buildConfigurations = (
				82B5E68E24458BE7006513CF /* Debug */,
				82B5E68F24458BE7006513CF /* Release */,
			);
			defaultConfigurationIsVisible = 0;
			defaultConfigurationName = Release;
		};
		82B5E69024458BE7006513CF /* Build configuration list for PBXNativeTarget "AlgorithmsAndDataStructuresTests" */ = {
			isa = XCConfigurationList;
			buildConfigurations = (
				82B5E69124458BE7006513CF /* Debug */,
				82B5E69224458BE7006513CF /* Release */,
			);
			defaultConfigurationIsVisible = 0;
			defaultConfigurationName = Release;
		};
/* End XCConfigurationList section */
	};
	rootObject = 82B5E66624458BE6006513CF /* Project object */;
}
